{
  "name": "ai-sandbox-benchmark",
  "version": "1.0.0",
  "lockfileVersion": 3,
  "requires": true,
  "packages": {
    "": {
      "name": "ai-sandbox-benchmark",
      "version": "1.0.0",
      "license": "ISC",
      "dependencies": {
        "@codesandbox/sdk": "^0.11.1"
      }
    },
    "node_modules/@codesandbox/sdk": {
      "version": "0.11.1",
      "resolved": "https://registry.npmjs.org/@codesandbox/sdk/-/sdk-0.11.1.tgz",
      "integrity": "sha512-MKil+626cDuHOZTuHukAVgOyk3GIogDXLJPnPpCTQNwVq49UaEN6BlkEIuWmSOWE09X66lbXmuU96lJKUJ4aDA==",
      "license": "MIT",
      "bin": {
        "csb": "dist/bin/codesandbox.cjs"
      }
    }
  }
}
